
Microsoft Visual Studio Solution File, Format Version 12.00
# Visual Studio Version 17
VisualStudioVersion = 17.13.35919.96
MinimumVisualStudioVersion = 10.0.40219.1
Project("{FAE04EC0-301F-11D3-BF4B-00C04F79EFBC}") = "ExcelFileToDB", "ExcelFileToDB\ExcelFileToDB.csproj", "{759AF538-DDF7-479E-AFFB-C6F2D2429865}"
EndProject
Project("{FAE04EC0-301F-11D3-BF4B-00C04F79EFBC}") = "WebApiTest", "WebApiTest\WebApiTest.csproj", "{29FAD567-3BB9-44A9-B928-DF5A7692558D}"
EndProject
Global
	GlobalSection(SolutionConfigurationPlatforms) = preSolution
		Debug|Any CPU = Debug|Any CPU
		Release|Any CPU = Release|Any CPU
	EndGlobalSection
	GlobalSection(ProjectConfigurationPlatforms) = postSolution
		{759AF538-DDF7-479E-AFFB-C6F2D2429865}.Debug|Any CPU.ActiveCfg = Debug|Any CPU
		{759AF538-DDF7-479E-AFFB-C6F2D2429865}.Debug|Any CPU.Build.0 = Debug|Any CPU
		{759AF538-DDF7-479E-AFFB-C6F2D2429865}.Release|Any CPU.ActiveCfg = Release|Any CPU
		{759AF538-DDF7-479E-AFFB-C6F2D2429865}.Release|Any CPU.Build.0 = Release|Any CPU
		{29FAD567-3BB9-44A9-B928-DF5A7692558D}.Debug|Any CPU.ActiveCfg = Debug|Any CPU
		{29FAD567-3BB9-44A9-B928-DF5A7692558D}.Debug|Any CPU.Build.0 = Debug|Any CPU
		{29FAD567-3BB9-44A9-B928-DF5A7692558D}.Release|Any CPU.ActiveCfg = Release|Any CPU
		{29FAD567-3BB9-44A9-B928-DF5A7692558D}.Release|Any CPU.Build.0 = Release|Any CPU
	EndGlobalSection
	GlobalSection(SolutionProperties) = preSolution
		HideSolutionNode = FALSE
	EndGlobalSection
	GlobalSection(ExtensibilityGlobals) = postSolution
		SolutionGuid = {7A272805-787B-415F-B285-FC986304A781}
	EndGlobalSection
EndGlobal
